PODS:
  - GrowingAnalytics-cdp/Tracker (3.1.0):
    - GrowingAnalytics-cdp/TrackerCore (= 3.1.0)
  - GrowingAnalytics-cdp/TrackerCore (3.1.0):
    - GrowingAnalytics/TrackerCore (= 3.1.0)
  - GrowingAnalytics/TrackerCore (3.1.0)

DEPENDENCIES:
  - GrowingAnalytics-cdp/Tracker

SPEC REPOS:
  trunk:
    - GrowingAnalytics
    - GrowingAnalytics-cdp

SPEC CHECKSUMS:
  GrowingAnalytics: d4bf0926fe0c203307b791a5ed4d2155f2fff128
  GrowingAnalytics-cdp: a8ead40e31ecb653cfff33f7ac846723703f1ba0

PODFILE CHECKSUM: 51c0b7035a8d4e78b42f05d3e405c470f4758955

COCOAPODS: 1.10.1
